
Microsoft Visual Studio Solution File, Format Version 12.00
# Visual Studio Version 17
VisualStudioVersion = 17.14.36109.1 d17.14
MinimumVisualStudioVersion = 10.0.40219.1
Project("{FAE04EC0-301F-11D3-BF4B-00C04F79EFBC}") = "WPFGUI", "WPFGUI\WPFGUI.csproj", "{6650A29F-B669-42A6-BFFD-D488E89555E3}"
EndProject
Project("{FAE04EC0-301F-11D3-BF4B-00C04F79EFBC}") = "WEBApp", "WEBApp\WEBApp.csproj", "{379EE24C-A21A-48BA-9889-FFFF8D3EAE7A}"
EndProject
Project("{FAE04EC0-301F-11D3-BF4B-00C04F79EFBC}") = "BLL", "BLL\BLL.csproj", "{FAB02EB4-E9AE-432D-9EFA-068B598E0739}"
EndProject
Project("{FAE04EC0-301F-11D3-BF4B-00C04F79EFBC}") = "DTO", "DTO\DTO.csproj", "{9A0BABEA-83AE-4282-A133-78C328209D4F}"
EndProject
Project("{FAE04EC0-301F-11D3-BF4B-00C04F79EFBC}") = "DAL", "DAL\DAL.csproj", "{C2EC7320-7C70-4B5D-A3BE-F636EFA323F0}"
EndProject
Global
	GlobalSection(SolutionConfigurationPlatforms) = preSolution
		Debug|Any CPU = Debug|Any CPU
		Release|Any CPU = Release|Any CPU
	EndGlobalSection
	GlobalSection(ProjectConfigurationPlatforms) = postSolution
		{6650A29F-B669-42A6-BFFD-D488E89555E3}.Debug|Any CPU.ActiveCfg = Debug|Any CPU
		{6650A29F-B669-42A6-BFFD-D488E89555E3}.Debug|Any CPU.Build.0 = Debug|Any CPU
		{6650A29F-B669-42A6-BFFD-D488E89555E3}.Release|Any CPU.ActiveCfg = Release|Any CPU
		{6650A29F-B669-42A6-BFFD-D488E89555E3}.Release|Any CPU.Build.0 = Release|Any CPU
		{379EE24C-A21A-48BA-9889-FFFF8D3EAE7A}.Debug|Any CPU.ActiveCfg = Debug|Any CPU
		{379EE24C-A21A-48BA-9889-FFFF8D3EAE7A}.Debug|Any CPU.Build.0 = Debug|Any CPU
		{379EE24C-A21A-48BA-9889-FFFF8D3EAE7A}.Release|Any CPU.ActiveCfg = Release|Any CPU
		{379EE24C-A21A-48BA-9889-FFFF8D3EAE7A}.Release|Any CPU.Build.0 = Release|Any CPU
		{FAB02EB4-E9AE-432D-9EFA-068B598E0739}.Debug|Any CPU.ActiveCfg = Debug|Any CPU
		{FAB02EB4-E9AE-432D-9EFA-068B598E0739}.Debug|Any CPU.Build.0 = Debug|Any CPU
		{FAB02EB4-E9AE-432D-9EFA-068B598E0739}.Release|Any CPU.ActiveCfg = Release|Any CPU
		{FAB02EB4-E9AE-432D-9EFA-068B598E0739}.Release|Any CPU.Build.0 = Release|Any CPU
		{9A0BABEA-83AE-4282-A133-78C328209D4F}.Debug|Any CPU.ActiveCfg = Debug|Any CPU
		{9A0BABEA-83AE-4282-A133-78C328209D4F}.Debug|Any CPU.Build.0 = Debug|Any CPU
		{9A0BABEA-83AE-4282-A133-78C328209D4F}.Release|Any CPU.ActiveCfg = Release|Any CPU
		{9A0BABEA-83AE-4282-A133-78C328209D4F}.Release|Any CPU.Build.0 = Release|Any CPU
		{C2EC7320-7C70-4B5D-A3BE-F636EFA323F0}.Debug|Any CPU.ActiveCfg = Debug|Any CPU
		{C2EC7320-7C70-4B5D-A3BE-F636EFA323F0}.Debug|Any CPU.Build.0 = Debug|Any CPU
		{C2EC7320-7C70-4B5D-A3BE-F636EFA323F0}.Release|Any CPU.ActiveCfg = Release|Any CPU
		{C2EC7320-7C70-4B5D-A3BE-F636EFA323F0}.Release|Any CPU.Build.0 = Release|Any CPU
	EndGlobalSection
	GlobalSection(SolutionProperties) = preSolution
		HideSolutionNode = FALSE
	EndGlobalSection
	GlobalSection(ExtensibilityGlobals) = postSolution
		SolutionGuid = {70418F3A-1CD7-43BA-A6D0-58174767AC79}
	EndGlobalSection
EndGlobal
